lockfileVersion: 5.3

specifiers:
  static-assets-loader: 0.0.6

dependencies:
  static-assets-loader: 0.0.6

packages:

  /loadjs/4.2.0:
    resolution: {integrity: sha512-AgQGZisAlTPbTEzrHPb6q+NYBMD+DP9uvGSIjSUM5uG+0jG15cb8axWpxuOIqrmQjn6scaaH8JwloiP27b2KXA==}
    dev: false

  /static-assets-loader/0.0.6:
    resolution: {integrity: sha512-+DAiCok+BJr/WwuYwvg1tMHoeyHZN26y4stu3L0vF6zGIBRHFE4ZRdB6tEoO70jWdELmIvZk5Hbw4zeB44Fs7g==}
    engines: {node: '>=10'}
    dependencies:
      loadjs: 4.2.0
    dev: false
