lockfileVersion: 5.3

specifiers:
  static-assets-loader: ^0.0.3

dependencies:
  static-assets-loader: 0.0.3

packages:

  /loadjs/4.2.0:
    resolution: {integrity: sha512-AgQGZisAlTPbTEzrHPb6q+NYBMD+DP9uvGSIjSUM5uG+0jG15cb8axWpxuOIqrmQjn6scaaH8JwloiP27b2KXA==}
    dev: false

  /static-assets-loader/0.0.3:
    resolution: {integrity: sha512-c+djXy1w/u16Qz8Ine19Qus7yErjiHEJO6B8SxrWjlFCwuaVhB+AhkM6T5a1UCi5d6yAvCinyiEQ06oT7SVmlA==}
    engines: {node: '>=10'}
    dependencies:
      loadjs: 4.2.0
    dev: false
