lockfileVersion: 5.3

specifiers:
  static-assets-loader: 0.0.7

dependencies:
  static-assets-loader: 0.0.7

packages:

  /loadjs/4.2.0:
    resolution: {integrity: sha512-AgQGZisAlTPbTEzrHPb6q+NYBMD+DP9uvGSIjSUM5uG+0jG15cb8axWpxuOIqrmQjn6scaaH8JwloiP27b2KXA==}
    dev: false

  /static-assets-loader/0.0.7:
    resolution: {integrity: sha512-NpF0k1wz94USZvhm1pTy+V6LWq24JtlNYiDpyMbucBl0wJhgaVQShOu1TV+C9xCt+eoOQikr3MiMC1881Mxsaw==}
    engines: {node: '>=10'}
    dependencies:
      loadjs: 4.2.0
    dev: false
